<?xml version="1.0" encoding="utf-8"?>
<Project ToolsVersion="17.0" xmlns="http://schemas.microsoft.com/developer/msbuild/2003">
  <ItemGroup>
    <ClCompile Include="C:\Users\747jf\Downloads\Studio11Reources\Studio11Reources\box2d-main\samples\car.cpp" />
    <ClCompile Include="C:\Users\747jf\Downloads\Studio11Reources\Studio11Reources\box2d-main\samples\donut.cpp" />
    <ClCompile Include="C:\Users\747jf\Downloads\Studio11Reources\Studio11Reources\box2d-main\samples\doohickey.cpp" />
    <ClCompile Include="C:\Users\747jf\Downloads\Studio11Reources\Studio11Reources\box2d-main\samples\draw.cpp" />
    <ClCompile Include="C:\Users\747jf\Downloads\Studio11Reources\Studio11Reources\box2d-main\samples\main.cpp" />
    <ClCompile Include="C:\Users\747jf\Downloads\Studio11Reources\Studio11Reources\box2d-main\samples\sample.cpp" />
    <ClCompile Include="C:\Users\747jf\Downloads\Studio11Reources\Studio11Reources\box2d-main\samples\sample_benchmark.cpp" />
    <ClCompile Include="C:\Users\747jf\Downloads\Studio11Reources\Studio11Reources\box2d-main\samples\sample_bodies.cpp" />
    <ClCompile Include="C:\Users\747jf\Downloads\Studio11Reources\Studio11Reources\box2d-main\samples\sample_collision.cpp" />
    <ClCompile Include="C:\Users\747jf\Downloads\Studio11Reources\Studio11Reources\box2d-main\samples\sample_continuous.cpp" />
    <ClCompile Include="C:\Users\747jf\Downloads\Studio11Reources\Studio11Reources\box2d-main\samples\sample_determinism.cpp" />
    <ClCompile Include="C:\Users\747jf\Downloads\Studio11Reources\Studio11Reources\box2d-main\samples\sample_events.cpp" />
    <ClCompile Include="C:\Users\747jf\Downloads\Studio11Reources\Studio11Reources\box2d-main\samples\sample_geometry.cpp" />
    <ClCompile Include="C:\Users\747jf\Downloads\Studio11Reources\Studio11Reources\box2d-main\samples\sample_joints.cpp" />
    <ClCompile Include="C:\Users\747jf\Downloads\Studio11Reources\Studio11Reources\box2d-main\samples\sample_robustness.cpp" />
    <ClCompile Include="C:\Users\747jf\Downloads\Studio11Reources\Studio11Reources\box2d-main\samples\sample_shapes.cpp" />
    <ClCompile Include="C:\Users\747jf\Downloads\Studio11Reources\Studio11Reources\box2d-main\samples\sample_stacking.cpp" />
    <ClCompile Include="C:\Users\747jf\Downloads\Studio11Reources\Studio11Reources\box2d-main\samples\sample_world.cpp" />
    <ClCompile Include="C:\Users\747jf\Downloads\Studio11Reources\Studio11Reources\box2d-main\samples\settings.cpp" />
    <ClCompile Include="C:\Users\747jf\Downloads\Studio11Reources\Studio11Reources\box2d-main\samples\shader.cpp" />
  </ItemGroup>
  <ItemGroup>
    <ClInclude Include="C:\Users\747jf\Downloads\Studio11Reources\Studio11Reources\box2d-main\samples\car.h" />
    <ClInclude Include="C:\Users\747jf\Downloads\Studio11Reources\Studio11Reources\box2d-main\samples\donut.h" />
    <ClInclude Include="C:\Users\747jf\Downloads\Studio11Reources\Studio11Reources\box2d-main\samples\doohickey.h" />
    <ClInclude Include="C:\Users\747jf\Downloads\Studio11Reources\Studio11Reources\box2d-main\samples\draw.h" />
    <ClInclude Include="C:\Users\747jf\Downloads\Studio11Reources\Studio11Reources\box2d-main\samples\sample.h" />
    <ClInclude Include="C:\Users\747jf\Downloads\Studio11Reources\Studio11Reources\box2d-main\samples\settings.h" />
    <ClInclude Include="C:\Users\747jf\Downloads\Studio11Reources\Studio11Reources\box2d-main\samples\shader.h" />
  </ItemGroup>
  <ItemGroup>
    <CustomBuild Include="C:\Users\747jf\Downloads\Studio11Reources\Studio11Reources\box2d-main\samples\CMakeLists.txt" />
  </ItemGroup>
  <ItemGroup>
  </ItemGroup>
</Project>
