<?xml version="1.0" encoding="utf-8"?>
<Project ToolsVersion="4.0" xmlns="http://schemas.microsoft.com/developer/msbuild/2003">
  <ItemGroup>
    <Filter Include="Source Files">
      <UniqueIdentifier>{4FC737F1-C7A5-4376-A066-2A32D752A2FF}</UniqueIdentifier>
      <Extensions>cpp;c;cc;cxx;c++;cppm;ixx;def;odl;idl;hpj;bat;asm;asmx</Extensions>
    </Filter>
    <Filter Include="Header Files">
      <UniqueIdentifier>{93995380-89BD-4b04-88EB-625FBE52EBFB}</UniqueIdentifier>
      <Extensions>h;hh;hpp;hxx;h++;hm;inl;inc;ipp;xsd</Extensions>
    </Filter>
    <Filter Include="Resource Files">
      <UniqueIdentifier>{67DA6AB6-F800-4c08-8B7A-83BB121AAD01}</UniqueIdentifier>
      <Extensions>rc;ico;cur;bmp;dlg;rc2;rct;bin;rgs;gif;jpg;jpeg;jpe;resx;tiff;tif;png;wav;mfcribbon-ms</Extensions>
    </Filter>
    <Filter Include="Header Files\Imgui">
      <UniqueIdentifier>{d80be962-55ff-480b-b044-953058fe6a03}</UniqueIdentifier>
    </Filter>
    <Filter Include="Source Files\Imgui">
      <UniqueIdentifier>{afaef1d9-f4aa-4642-af68-636d2e9283c3}</UniqueIdentifier>
    </Filter>
    <Filter Include="Source Files\Scenes">
      <UniqueIdentifier>{3d200b49-1181-447d-b98a-417385f7b726}</UniqueIdentifier>
    </Filter>
    <Filter Include="Header Files\Scenes">
      <UniqueIdentifier>{78bdc94a-46db-4b77-8364-b20f04f41702}</UniqueIdentifier>
    </Filter>
    <Filter Include="Source Files\Required">
      <UniqueIdentifier>{5993e28f-08ce-4fc7-888d-cb4db410dcf9}</UniqueIdentifier>
    </Filter>
    <Filter Include="Source Files\FMOD">
      <UniqueIdentifier>{a2e7cda2-150b-4b99-a20a-5de0e747ee18}</UniqueIdentifier>
    </Filter>
    <Filter Include="Header Files\FMOD">
      <UniqueIdentifier>{2bf7cd49-a1d2-406a-82c6-3dac54b215bb}</UniqueIdentifier>
    </Filter>
    <Filter Include="Header Files\Scenes\MainGame">
      <UniqueIdentifier>{2dc300d8-19ef-454a-9cbe-b8b893d05d52}</UniqueIdentifier>
    </Filter>
    <Filter Include="Source Files\Scenes\MainGame">
      <UniqueIdentifier>{22a1ec8c-4dd2-4cb7-9ee5-1d14b8d1af31}</UniqueIdentifier>
    </Filter>
    <Filter Include="Header Files\Scenes\Required">
      <UniqueIdentifier>{0c6c7cca-eb5a-44ed-a7e9-c01514df9b60}</UniqueIdentifier>
    </Filter>
    <Filter Include="Header Files\Scenes\MainGame\Entities">
      <UniqueIdentifier>{b7c7c58e-59ef-40a3-9d1c-7e11a651f40b}</UniqueIdentifier>
    </Filter>
    <Filter Include="Header Files\Scenes\MainGame\Entities\Minelayer">
      <UniqueIdentifier>{1693fa49-abef-4917-bfdf-7d4837e09a64}</UniqueIdentifier>
    </Filter>
    <Filter Include="Source Files\Scenes\MainGame\Entities">
      <UniqueIdentifier>{f14fa6ec-df0d-4c27-8146-a93523192ed6}</UniqueIdentifier>
    </Filter>
    <Filter Include="Source Files\Scenes\MainGame\Entities\Minelayer">
      <UniqueIdentifier>{c0dfbe13-96d6-45a6-9814-ab86b518567b}</UniqueIdentifier>
    </Filter>
  </ItemGroup>
  <ItemGroup>
    <ClCompile Include="lib\imgui\imgui.cpp">
      <Filter>Source Files\Imgui</Filter>
    </ClCompile>
    <ClCompile Include="lib\imgui\imgui_demo.cpp">
      <Filter>Source Files\Imgui</Filter>
    </ClCompile>
    <ClCompile Include="lib\imgui\imgui_draw.cpp">
      <Filter>Source Files\Imgui</Filter>
    </ClCompile>
    <ClCompile Include="lib\imgui\imgui_impl_opengl3.cpp">
      <Filter>Source Files\Imgui</Filter>
    </ClCompile>
    <ClCompile Include="lib\imgui\imgui_impl_sdl2.cpp">
      <Filter>Source Files\Imgui</Filter>
    </ClCompile>
    <ClCompile Include="lib\imgui\imgui_tables.cpp">
      <Filter>Source Files\Imgui</Filter>
    </ClCompile>
    <ClCompile Include="lib\imgui\imgui_widgets.cpp">
      <Filter>Source Files\Imgui</Filter>
    </ClCompile>
    <ClCompile Include="SceneSplashAut.cpp">
      <Filter>Source Files\Scenes</Filter>
    </ClCompile>
    <ClCompile Include="SceneMainGame.cpp">
      <Filter>Source Files\Scenes\MainGame</Filter>
    </ClCompile>
    <ClCompile Include="AnimatedSprite.cpp">
      <Filter>Source Files\Required</Filter>
    </ClCompile>
    <ClCompile Include="game.cpp">
      <Filter>Source Files\Required</Filter>
    </ClCompile>
    <ClCompile Include="inputsystem.cpp">
      <Filter>Source Files\Required</Filter>
    </ClCompile>
    <ClCompile Include="logmanager.cpp">
      <Filter>Source Files\Required</Filter>
    </ClCompile>
    <ClCompile Include="main.cpp">
      <Filter>Source Files\Required</Filter>
    </ClCompile>
    <ClCompile Include="matrix4.cpp">
      <Filter>Source Files\Required</Filter>
    </ClCompile>
    <ClCompile Include="renderer.cpp">
      <Filter>Source Files\Required</Filter>
    </ClCompile>
    <ClCompile Include="scene.cpp">
      <Filter>Source Files\Required</Filter>
    </ClCompile>
    <ClCompile Include="shader.cpp">
      <Filter>Source Files\Required</Filter>
    </ClCompile>
    <ClCompile Include="sprite.cpp">
      <Filter>Source Files\Required</Filter>
    </ClCompile>
    <ClCompile Include="texture.cpp">
      <Filter>Source Files\Required</Filter>
    </ClCompile>
    <ClCompile Include="TextureManager.cpp">
      <Filter>Source Files\Required</Filter>
    </ClCompile>
    <ClCompile Include="vector2.cpp">
      <Filter>Source Files\Required</Filter>
    </ClCompile>
    <ClCompile Include="VertexArray.cpp">
      <Filter>Source Files\Required</Filter>
    </ClCompile>
    <ClCompile Include="XboxController.cpp">
      <Filter>Source Files\Required</Filter>
    </ClCompile>
    <ClCompile Include="Particle.cpp">
      <Filter>Source Files\Required</Filter>
    </ClCompile>
    <ClCompile Include="particleemitter.cpp">
      <Filter>Source Files\Required</Filter>
    </ClCompile>
    <ClCompile Include="lib\FMOD\include\common.cpp">
      <Filter>Source Files\FMOD</Filter>
    </ClCompile>
    <ClCompile Include="lib\FMOD\include\common_platform.cpp">
      <Filter>Source Files\FMOD</Filter>
    </ClCompile>
    <ClCompile Include="PlayerObject.cpp">
      <Filter>Source Files\Scenes\MainGame</Filter>
    </ClCompile>
    <ClCompile Include="UpgradeList.cpp">
      <Filter>Source Files\Scenes\MainGame</Filter>
    </ClCompile>
    <ClCompile Include="Director.cpp">
      <Filter>Source Files\Scenes\MainGame</Filter>
    </ClCompile>
    <ClCompile Include="Minelayer.cpp">
      <Filter>Source Files\Scenes\MainGame\Entities\Minelayer</Filter>
    </ClCompile>
    <ClCompile Include="Mine.cpp">
      <Filter>Source Files\Scenes\MainGame\Entities\Minelayer</Filter>
    </ClCompile>
    <ClCompile Include="Experience.cpp">
      <Filter>Source Files\Scenes\MainGame\Entities</Filter>
    </ClCompile>
    <ClCompile Include="EnemyBase.cpp">
      <Filter>Source Files\Scenes\MainGame\Entities</Filter>
    </ClCompile>
  </ItemGroup>
  <ItemGroup>
    <ClInclude Include="lib\imgui\imconfig.h">
      <Filter>Header Files\Imgui</Filter>
    </ClInclude>
    <ClInclude Include="lib\imgui\imgui.h">
      <Filter>Header Files\Imgui</Filter>
    </ClInclude>
    <ClInclude Include="lib\imgui\imgui_impl_opengl3.h">
      <Filter>Header Files\Imgui</Filter>
    </ClInclude>
    <ClInclude Include="lib\imgui\imgui_impl_opengl3_loader.h">
      <Filter>Header Files\Imgui</Filter>
    </ClInclude>
    <ClInclude Include="lib\imgui\imgui_impl_sdl2.h">
      <Filter>Header Files\Imgui</Filter>
    </ClInclude>
    <ClInclude Include="lib\imgui\imgui_internal.h">
      <Filter>Header Files\Imgui</Filter>
    </ClInclude>
    <ClInclude Include="lib\imgui\imstb_rectpack.h">
      <Filter>Header Files\Imgui</Filter>
    </ClInclude>
    <ClInclude Include="lib\imgui\imstb_textedit.h">
      <Filter>Header Files\Imgui</Filter>
    </ClInclude>
    <ClInclude Include="lib\imgui\imstb_truetype.h">
      <Filter>Header Files\Imgui</Filter>
    </ClInclude>
    <ClInclude Include="SceneSplashAut.h">
      <Filter>Header Files\Scenes</Filter>
    </ClInclude>
    <ClInclude Include="SceneMainGame.h">
      <Filter>Header Files\Scenes\MainGame</Filter>
    </ClInclude>
    <ClInclude Include="AnimatedSprite.h">
      <Filter>Header Files\Scenes\Required</Filter>
    </ClInclude>
    <ClInclude Include="game.h">
      <Filter>Header Files\Scenes\Required</Filter>
    </ClInclude>
    <ClInclude Include="inlinehelpers.h">
      <Filter>Header Files\Scenes\Required</Filter>
    </ClInclude>
    <ClInclude Include="inputsystem.h">
      <Filter>Header Files\Scenes\Required</Filter>
    </ClInclude>
    <ClInclude Include="logmanager.h">
      <Filter>Header Files\Scenes\Required</Filter>
    </ClInclude>
    <ClInclude Include="matrix4.h">
      <Filter>Header Files\Scenes\Required</Filter>
    </ClInclude>
    <ClInclude Include="renderer.h">
      <Filter>Header Files\Scenes\Required</Filter>
    </ClInclude>
    <ClInclude Include="scene.h">
      <Filter>Header Files\Scenes\Required</Filter>
    </ClInclude>
    <ClInclude Include="lib\SDL2_ttf-2.22.0\include\SDL_ttf.h">
      <Filter>Header Files\Scenes\Required</Filter>
    </ClInclude>
    <ClInclude Include="shader.h">
      <Filter>Header Files\Scenes\Required</Filter>
    </ClInclude>
    <ClInclude Include="sprite.h">
      <Filter>Header Files\Scenes\Required</Filter>
    </ClInclude>
    <ClInclude Include="texture.h">
      <Filter>Header Files\Scenes\Required</Filter>
    </ClInclude>
    <ClInclude Include="TextureManager.h">
      <Filter>Header Files\Scenes\Required</Filter>
    </ClInclude>
    <ClInclude Include="vector2.h">
      <Filter>Header Files\Scenes\Required</Filter>
    </ClInclude>
    <ClInclude Include="VertexArray.h">
      <Filter>Header Files\Scenes\Required</Filter>
    </ClInclude>
    <ClInclude Include="XboxController.h">
      <Filter>Header Files\Scenes\Required</Filter>
    </ClInclude>
    <ClInclude Include="Particle.h">
      <Filter>Header Files\Scenes\Required</Filter>
    </ClInclude>
    <ClInclude Include="particleemitter.h">
      <Filter>Header Files\Scenes\Required</Filter>
    </ClInclude>
    <ClInclude Include="lib\FMOD\include\common.h">
      <Filter>Header Files\FMOD</Filter>
    </ClInclude>
    <ClInclude Include="lib\FMOD\include\common_platform.h">
      <Filter>Header Files\FMOD</Filter>
    </ClInclude>
    <ClInclude Include="lib\FMOD\include\fmod.h">
      <Filter>Header Files\FMOD</Filter>
    </ClInclude>
    <ClInclude Include="lib\FMOD\include\fmod_codec.h">
      <Filter>Header Files\FMOD</Filter>
    </ClInclude>
    <ClInclude Include="lib\FMOD\include\fmod_common.h">
      <Filter>Header Files\FMOD</Filter>
    </ClInclude>
    <ClInclude Include="lib\FMOD\include\fmod_dsp.h">
      <Filter>Header Files\FMOD</Filter>
    </ClInclude>
    <ClInclude Include="lib\FMOD\include\fmod_dsp_effects.h">
      <Filter>Header Files\FMOD</Filter>
    </ClInclude>
    <ClInclude Include="lib\FMOD\include\fmod_errors.h">
      <Filter>Header Files\FMOD</Filter>
    </ClInclude>
    <ClInclude Include="lib\FMOD\include\fmod_output.h">
      <Filter>Header Files\FMOD</Filter>
    </ClInclude>
    <ClInclude Include="PlayerObject.h">
      <Filter>Header Files\Scenes\MainGame</Filter>
    </ClInclude>
    <ClInclude Include="UpgradeList.h">
      <Filter>Header Files\Scenes\MainGame</Filter>
    </ClInclude>
    <ClInclude Include="Director.h">
      <Filter>Header Files\Scenes\MainGame</Filter>
    </ClInclude>
    <ClInclude Include="Mine.h">
      <Filter>Header Files\Scenes\MainGame\Entities\Minelayer</Filter>
    </ClInclude>
    <ClInclude Include="Minelayer.h">
      <Filter>Header Files\Scenes\MainGame\Entities\Minelayer</Filter>
    </ClInclude>
    <ClInclude Include="EnemyBase.h">
      <Filter>Header Files\Scenes\MainGame\Entities</Filter>
    </ClInclude>
    <ClInclude Include="Experience.h">
      <Filter>Header Files\Scenes\MainGame\Entities</Filter>
    </ClInclude>
  </ItemGroup>
  <ItemGroup>
    <Image Include="assets\board8x8.png">
      <Filter>Resource Files</Filter>
    </Image>
  </ItemGroup>
</Project>