<?xml version="1.0" encoding="utf-8"?>
<Project ToolsVersion="17.0" xmlns="http://schemas.microsoft.com/developer/msbuild/2003">
  <ItemGroup>
    <CustomBuild Include="C:\Users\747jf\Downloads\Studio11Reources\box2d-main\buildtestnew3233\samples\imgui-subbuild\CMakeFiles\4cb3e1f95451664c3d710f39e40b3781\imgui-populate-mkdir.rule">
      <Filter>CMake Rules</Filter>
    </CustomBuild>
    <CustomBuild Include="C:\Users\747jf\Downloads\Studio11Reources\box2d-main\buildtestnew3233\samples\imgui-subbuild\CMakeFiles\4cb3e1f95451664c3d710f39e40b3781\imgui-populate-download.rule">
      <Filter>CMake Rules</Filter>
    </CustomBuild>
    <CustomBuild Include="C:\Users\747jf\Downloads\Studio11Reources\box2d-main\buildtestnew3233\samples\imgui-subbuild\CMakeFiles\4cb3e1f95451664c3d710f39e40b3781\imgui-populate-update.rule">
      <Filter>CMake Rules</Filter>
    </CustomBuild>
    <CustomBuild Include="C:\Users\747jf\Downloads\Studio11Reources\box2d-main\buildtestnew3233\samples\imgui-subbuild\CMakeFiles\4cb3e1f95451664c3d710f39e40b3781\imgui-populate-patch.rule">
      <Filter>CMake Rules</Filter>
    </CustomBuild>
    <CustomBuild Include="C:\Users\747jf\Downloads\Studio11Reources\box2d-main\buildtestnew3233\samples\imgui-subbuild\CMakeFiles\4cb3e1f95451664c3d710f39e40b3781\imgui-populate-configure.rule">
      <Filter>CMake Rules</Filter>
    </CustomBuild>
    <CustomBuild Include="C:\Users\747jf\Downloads\Studio11Reources\box2d-main\buildtestnew3233\samples\imgui-subbuild\CMakeFiles\4cb3e1f95451664c3d710f39e40b3781\imgui-populate-build.rule">
      <Filter>CMake Rules</Filter>
    </CustomBuild>
    <CustomBuild Include="C:\Users\747jf\Downloads\Studio11Reources\box2d-main\buildtestnew3233\samples\imgui-subbuild\CMakeFiles\4cb3e1f95451664c3d710f39e40b3781\imgui-populate-install.rule">
      <Filter>CMake Rules</Filter>
    </CustomBuild>
    <CustomBuild Include="C:\Users\747jf\Downloads\Studio11Reources\box2d-main\buildtestnew3233\samples\imgui-subbuild\CMakeFiles\4cb3e1f95451664c3d710f39e40b3781\imgui-populate-test.rule">
      <Filter>CMake Rules</Filter>
    </CustomBuild>
    <CustomBuild Include="C:\Users\747jf\Downloads\Studio11Reources\box2d-main\buildtestnew3233\samples\imgui-subbuild\CMakeFiles\8a592f3b214cab4e569ee978f6601bca\imgui-populate-complete.rule">
      <Filter>CMake Rules</Filter>
    </CustomBuild>
    <CustomBuild Include="C:\Users\747jf\Downloads\Studio11Reources\box2d-main\buildtestnew3233\samples\imgui-subbuild\CMakeFiles\87ff1dc2b9aadfe20ce52570930279c8\imgui-populate.rule">
      <Filter>CMake Rules</Filter>
    </CustomBuild>
    <CustomBuild Include="C:\Users\747jf\Downloads\Studio11Reources\box2d-main\buildtestnew3233\samples\imgui-subbuild\CMakeLists.txt" />
  </ItemGroup>
  <ItemGroup>
    <None Include="C:\Users\747jf\Downloads\Studio11Reources\box2d-main\buildtestnew3233\samples\imgui-subbuild\CMakeFiles\imgui-populate" />
  </ItemGroup>
  <ItemGroup>
    <Filter Include="CMake Rules">
      <UniqueIdentifier>{402FF1A3-6CC6-36AE-B5B9-75AEB4455652}</UniqueIdentifier>
    </Filter>
  </ItemGroup>
</Project>
