<?xml version="1.0" encoding="utf-8"?>
<Project ToolsVersion="17.0" xmlns="http://schemas.microsoft.com/developer/msbuild/2003">
  <ItemGroup>
    <ClCompile Include="C:\Users\747jf\Downloads\Studio11Reources\Studio11Reources\box2d-main\src\aabb.c">
      <Filter>src</Filter>
    </ClCompile>
    <ClCompile Include="C:\Users\747jf\Downloads\Studio11Reources\Studio11Reources\box2d-main\src\arena_allocator.c">
      <Filter>src</Filter>
    </ClCompile>
    <ClCompile Include="C:\Users\747jf\Downloads\Studio11Reources\Studio11Reources\box2d-main\src\array.c">
      <Filter>src</Filter>
    </ClCompile>
    <ClCompile Include="C:\Users\747jf\Downloads\Studio11Reources\Studio11Reources\box2d-main\src\bitset.c">
      <Filter>src</Filter>
    </ClCompile>
    <ClCompile Include="C:\Users\747jf\Downloads\Studio11Reources\Studio11Reources\box2d-main\src\body.c">
      <Filter>src</Filter>
    </ClCompile>
    <ClCompile Include="C:\Users\747jf\Downloads\Studio11Reources\Studio11Reources\box2d-main\src\broad_phase.c">
      <Filter>src</Filter>
    </ClCompile>
    <ClCompile Include="C:\Users\747jf\Downloads\Studio11Reources\Studio11Reources\box2d-main\src\constraint_graph.c">
      <Filter>src</Filter>
    </ClCompile>
    <ClCompile Include="C:\Users\747jf\Downloads\Studio11Reources\Studio11Reources\box2d-main\src\contact.c">
      <Filter>src</Filter>
    </ClCompile>
    <ClCompile Include="C:\Users\747jf\Downloads\Studio11Reources\Studio11Reources\box2d-main\src\contact_solver.c">
      <Filter>src</Filter>
    </ClCompile>
    <ClCompile Include="C:\Users\747jf\Downloads\Studio11Reources\Studio11Reources\box2d-main\src\core.c">
      <Filter>src</Filter>
    </ClCompile>
    <ClCompile Include="C:\Users\747jf\Downloads\Studio11Reources\Studio11Reources\box2d-main\src\distance.c">
      <Filter>src</Filter>
    </ClCompile>
    <ClCompile Include="C:\Users\747jf\Downloads\Studio11Reources\Studio11Reources\box2d-main\src\distance_joint.c">
      <Filter>src</Filter>
    </ClCompile>
    <ClCompile Include="C:\Users\747jf\Downloads\Studio11Reources\Studio11Reources\box2d-main\src\dynamic_tree.c">
      <Filter>src</Filter>
    </ClCompile>
    <ClCompile Include="C:\Users\747jf\Downloads\Studio11Reources\Studio11Reources\box2d-main\src\geometry.c">
      <Filter>src</Filter>
    </ClCompile>
    <ClCompile Include="C:\Users\747jf\Downloads\Studio11Reources\Studio11Reources\box2d-main\src\hull.c">
      <Filter>src</Filter>
    </ClCompile>
    <ClCompile Include="C:\Users\747jf\Downloads\Studio11Reources\Studio11Reources\box2d-main\src\id_pool.c">
      <Filter>src</Filter>
    </ClCompile>
    <ClCompile Include="C:\Users\747jf\Downloads\Studio11Reources\Studio11Reources\box2d-main\src\island.c">
      <Filter>src</Filter>
    </ClCompile>
    <ClCompile Include="C:\Users\747jf\Downloads\Studio11Reources\Studio11Reources\box2d-main\src\joint.c">
      <Filter>src</Filter>
    </ClCompile>
    <ClCompile Include="C:\Users\747jf\Downloads\Studio11Reources\Studio11Reources\box2d-main\src\manifold.c">
      <Filter>src</Filter>
    </ClCompile>
    <ClCompile Include="C:\Users\747jf\Downloads\Studio11Reources\Studio11Reources\box2d-main\src\math_functions.c">
      <Filter>src</Filter>
    </ClCompile>
    <ClCompile Include="C:\Users\747jf\Downloads\Studio11Reources\Studio11Reources\box2d-main\src\motor_joint.c">
      <Filter>src</Filter>
    </ClCompile>
    <ClCompile Include="C:\Users\747jf\Downloads\Studio11Reources\Studio11Reources\box2d-main\src\mouse_joint.c">
      <Filter>src</Filter>
    </ClCompile>
    <ClCompile Include="C:\Users\747jf\Downloads\Studio11Reources\Studio11Reources\box2d-main\src\prismatic_joint.c">
      <Filter>src</Filter>
    </ClCompile>
    <ClCompile Include="C:\Users\747jf\Downloads\Studio11Reources\Studio11Reources\box2d-main\src\revolute_joint.c">
      <Filter>src</Filter>
    </ClCompile>
    <ClCompile Include="C:\Users\747jf\Downloads\Studio11Reources\Studio11Reources\box2d-main\src\sensor.c">
      <Filter>src</Filter>
    </ClCompile>
    <ClCompile Include="C:\Users\747jf\Downloads\Studio11Reources\Studio11Reources\box2d-main\src\shape.c">
      <Filter>src</Filter>
    </ClCompile>
    <ClCompile Include="C:\Users\747jf\Downloads\Studio11Reources\Studio11Reources\box2d-main\src\solver.c">
      <Filter>src</Filter>
    </ClCompile>
    <ClCompile Include="C:\Users\747jf\Downloads\Studio11Reources\Studio11Reources\box2d-main\src\solver_set.c">
      <Filter>src</Filter>
    </ClCompile>
    <ClCompile Include="C:\Users\747jf\Downloads\Studio11Reources\Studio11Reources\box2d-main\src\table.c">
      <Filter>src</Filter>
    </ClCompile>
    <ClCompile Include="C:\Users\747jf\Downloads\Studio11Reources\Studio11Reources\box2d-main\src\timer.c">
      <Filter>src</Filter>
    </ClCompile>
    <ClCompile Include="C:\Users\747jf\Downloads\Studio11Reources\Studio11Reources\box2d-main\src\types.c">
      <Filter>src</Filter>
    </ClCompile>
    <ClCompile Include="C:\Users\747jf\Downloads\Studio11Reources\Studio11Reources\box2d-main\src\weld_joint.c">
      <Filter>src</Filter>
    </ClCompile>
    <ClCompile Include="C:\Users\747jf\Downloads\Studio11Reources\Studio11Reources\box2d-main\src\wheel_joint.c">
      <Filter>src</Filter>
    </ClCompile>
    <ClCompile Include="C:\Users\747jf\Downloads\Studio11Reources\Studio11Reources\box2d-main\src\world.c">
      <Filter>src</Filter>
    </ClCompile>
  </ItemGroup>
  <ItemGroup>
    <ClInclude Include="C:\Users\747jf\Downloads\Studio11Reources\Studio11Reources\box2d-main\src\aabb.h">
      <Filter>src</Filter>
    </ClInclude>
    <ClInclude Include="C:\Users\747jf\Downloads\Studio11Reources\Studio11Reources\box2d-main\src\arena_allocator.h">
      <Filter>src</Filter>
    </ClInclude>
    <ClInclude Include="C:\Users\747jf\Downloads\Studio11Reources\Studio11Reources\box2d-main\src\array.h">
      <Filter>src</Filter>
    </ClInclude>
    <ClInclude Include="C:\Users\747jf\Downloads\Studio11Reources\Studio11Reources\box2d-main\src\atomic.h">
      <Filter>src</Filter>
    </ClInclude>
    <ClInclude Include="C:\Users\747jf\Downloads\Studio11Reources\Studio11Reources\box2d-main\src\bitset.h">
      <Filter>src</Filter>
    </ClInclude>
    <ClInclude Include="C:\Users\747jf\Downloads\Studio11Reources\Studio11Reources\box2d-main\src\body.h">
      <Filter>src</Filter>
    </ClInclude>
    <ClInclude Include="C:\Users\747jf\Downloads\Studio11Reources\Studio11Reources\box2d-main\src\broad_phase.h">
      <Filter>src</Filter>
    </ClInclude>
    <ClInclude Include="C:\Users\747jf\Downloads\Studio11Reources\Studio11Reources\box2d-main\src\constants.h">
      <Filter>src</Filter>
    </ClInclude>
    <ClInclude Include="C:\Users\747jf\Downloads\Studio11Reources\Studio11Reources\box2d-main\src\constraint_graph.h">
      <Filter>src</Filter>
    </ClInclude>
    <ClInclude Include="C:\Users\747jf\Downloads\Studio11Reources\Studio11Reources\box2d-main\src\contact.h">
      <Filter>src</Filter>
    </ClInclude>
    <ClInclude Include="C:\Users\747jf\Downloads\Studio11Reources\Studio11Reources\box2d-main\src\contact_solver.h">
      <Filter>src</Filter>
    </ClInclude>
    <ClInclude Include="C:\Users\747jf\Downloads\Studio11Reources\Studio11Reources\box2d-main\src\core.h">
      <Filter>src</Filter>
    </ClInclude>
    <ClInclude Include="C:\Users\747jf\Downloads\Studio11Reources\Studio11Reources\box2d-main\src\ctz.h">
      <Filter>src</Filter>
    </ClInclude>
    <ClInclude Include="C:\Users\747jf\Downloads\Studio11Reources\Studio11Reources\box2d-main\src\id_pool.h">
      <Filter>src</Filter>
    </ClInclude>
    <ClInclude Include="C:\Users\747jf\Downloads\Studio11Reources\Studio11Reources\box2d-main\src\island.h">
      <Filter>src</Filter>
    </ClInclude>
    <ClInclude Include="C:\Users\747jf\Downloads\Studio11Reources\Studio11Reources\box2d-main\src\joint.h">
      <Filter>src</Filter>
    </ClInclude>
    <ClInclude Include="C:\Users\747jf\Downloads\Studio11Reources\Studio11Reources\box2d-main\src\sensor.h">
      <Filter>src</Filter>
    </ClInclude>
    <ClInclude Include="C:\Users\747jf\Downloads\Studio11Reources\Studio11Reources\box2d-main\src\shape.h">
      <Filter>src</Filter>
    </ClInclude>
    <ClInclude Include="C:\Users\747jf\Downloads\Studio11Reources\Studio11Reources\box2d-main\src\solver.h">
      <Filter>src</Filter>
    </ClInclude>
    <ClInclude Include="C:\Users\747jf\Downloads\Studio11Reources\Studio11Reources\box2d-main\src\solver_set.h">
      <Filter>src</Filter>
    </ClInclude>
    <ClInclude Include="C:\Users\747jf\Downloads\Studio11Reources\Studio11Reources\box2d-main\src\table.h">
      <Filter>src</Filter>
    </ClInclude>
    <ClInclude Include="C:\Users\747jf\Downloads\Studio11Reources\Studio11Reources\box2d-main\src\world.h">
      <Filter>src</Filter>
    </ClInclude>
    <ClInclude Include="C:\Users\747jf\Downloads\Studio11Reources\Studio11Reources\box2d-main\include\box2d\base.h">
      <Filter>include\box2d</Filter>
    </ClInclude>
    <ClInclude Include="C:\Users\747jf\Downloads\Studio11Reources\Studio11Reources\box2d-main\include\box2d\box2d.h">
      <Filter>include\box2d</Filter>
    </ClInclude>
    <ClInclude Include="C:\Users\747jf\Downloads\Studio11Reources\Studio11Reources\box2d-main\include\box2d\collision.h">
      <Filter>include\box2d</Filter>
    </ClInclude>
    <ClInclude Include="C:\Users\747jf\Downloads\Studio11Reources\Studio11Reources\box2d-main\include\box2d\id.h">
      <Filter>include\box2d</Filter>
    </ClInclude>
    <ClInclude Include="C:\Users\747jf\Downloads\Studio11Reources\Studio11Reources\box2d-main\include\box2d\math_functions.h">
      <Filter>include\box2d</Filter>
    </ClInclude>
    <ClInclude Include="C:\Users\747jf\Downloads\Studio11Reources\Studio11Reources\box2d-main\include\box2d\types.h">
      <Filter>include\box2d</Filter>
    </ClInclude>
  </ItemGroup>
  <ItemGroup>
    <CustomBuild Include="C:\Users\747jf\Downloads\Studio11Reources\Studio11Reources\box2d-main\src\CMakeLists.txt" />
  </ItemGroup>
  <ItemGroup>
    <Natvis Include="C:\Users\747jf\Downloads\Studio11Reources\Studio11Reources\box2d-main\src\box2d.natvis" />
  </ItemGroup>
  <ItemGroup>
    <Filter Include="include">
      <UniqueIdentifier>{9AE9392B-6C98-3F27-9C76-954149B5B7E2}</UniqueIdentifier>
    </Filter>
    <Filter Include="include\box2d">
      <UniqueIdentifier>{1A7C14A3-5FC8-3895-9086-84FDA8CEB76A}</UniqueIdentifier>
    </Filter>
    <Filter Include="src">
      <UniqueIdentifier>{ECCF9DFB-8B69-321E-8EA6-8C618A50EDB9}</UniqueIdentifier>
    </Filter>
  </ItemGroup>
</Project>
